
Microsoft Visual Studio Solution File, Format Version 12.00
# Visual Studio 15
VisualStudioVersion = 15.0.26608.5
MinimumVisualStudioVersion = 10.0.40219.1
Project("{9A19103F-16F7-4668-BE54-9A1E7A4F7556}") = "Website", "Website\Website.csproj", "{48274624-7897-4169-902D-B22DA9968884}"
EndProject
Project("{9A19103F-16F7-4668-BE54-9A1E7A4F7556}") = "ApiClient", "ApiClient\ApiClient.csproj", "{EEFA5D2B-C500-478E-81EB-BF2BE8E76E85}"
EndProject
Project("{9A19103F-16F7-4668-BE54-9A1E7A4F7556}") = "Model", "Model\Model.csproj", "{F59D5ADF-922F-487A-A970-A1522789FA44}"
EndProject
Project("{9A19103F-16F7-4668-BE54-9A1E7A4F7556}") = "Application", "Application\Application.csproj", "{28F1B4E7-2B90-455F-B887-6E44D8032000}"
EndProject
Project("{9A19103F-16F7-4668-BE54-9A1E7A4F7556}") = "Website.Tests", "Website.Tests\Website.Tests.csproj", "{D431F012-07E5-4429-BD54-D031961B963F}"
EndProject
Project("{9A19103F-16F7-4668-BE54-9A1E7A4F7556}") = "Application.Tests", "Application.Tests\Application.Tests.csproj", "{D99A84C8-A94C-42AC-9FC9-F7A5EB7BDD7D}"
EndProject
Project("{2150E333-8FDC-42A3-9474-1A3956D46DE8}") = "Tests", "Tests", "{83B45D77-2783-460A-B80B-B44C6EA06172}"
EndProject
Global
	GlobalSection(SolutionConfigurationPlatforms) = preSolution
		Debug|Any CPU = Debug|Any CPU
		Release|Any CPU = Release|Any CPU
	EndGlobalSection
	GlobalSection(ProjectConfigurationPlatforms) = postSolution
		{48274624-7897-4169-902D-B22DA9968884}.Debug|Any CPU.ActiveCfg = Debug|Any CPU
		{48274624-7897-4169-902D-B22DA9968884}.Debug|Any CPU.Build.0 = Debug|Any CPU
		{48274624-7897-4169-902D-B22DA9968884}.Release|Any CPU.ActiveCfg = Release|Any CPU
		{48274624-7897-4169-902D-B22DA9968884}.Release|Any CPU.Build.0 = Release|Any CPU
		{EEFA5D2B-C500-478E-81EB-BF2BE8E76E85}.Debug|Any CPU.ActiveCfg = Debug|Any CPU
		{EEFA5D2B-C500-478E-81EB-BF2BE8E76E85}.Debug|Any CPU.Build.0 = Debug|Any CPU
		{EEFA5D2B-C500-478E-81EB-BF2BE8E76E85}.Release|Any CPU.ActiveCfg = Release|Any CPU
		{EEFA5D2B-C500-478E-81EB-BF2BE8E76E85}.Release|Any CPU.Build.0 = Release|Any CPU
		{F59D5ADF-922F-487A-A970-A1522789FA44}.Debug|Any CPU.ActiveCfg = Debug|Any CPU
		{F59D5ADF-922F-487A-A970-A1522789FA44}.Debug|Any CPU.Build.0 = Debug|Any CPU
		{F59D5ADF-922F-487A-A970-A1522789FA44}.Release|Any CPU.ActiveCfg = Release|Any CPU
		{F59D5ADF-922F-487A-A970-A1522789FA44}.Release|Any CPU.Build.0 = Release|Any CPU
		{28F1B4E7-2B90-455F-B887-6E44D8032000}.Debug|Any CPU.ActiveCfg = Debug|Any CPU
		{28F1B4E7-2B90-455F-B887-6E44D8032000}.Debug|Any CPU.Build.0 = Debug|Any CPU
		{28F1B4E7-2B90-455F-B887-6E44D8032000}.Release|Any CPU.ActiveCfg = Release|Any CPU
		{28F1B4E7-2B90-455F-B887-6E44D8032000}.Release|Any CPU.Build.0 = Release|Any CPU
		{D431F012-07E5-4429-BD54-D031961B963F}.Debug|Any CPU.ActiveCfg = Debug|Any CPU
		{D431F012-07E5-4429-BD54-D031961B963F}.Debug|Any CPU.Build.0 = Debug|Any CPU
		{D431F012-07E5-4429-BD54-D031961B963F}.Release|Any CPU.ActiveCfg = Release|Any CPU
		{D431F012-07E5-4429-BD54-D031961B963F}.Release|Any CPU.Build.0 = Release|Any CPU
		{D99A84C8-A94C-42AC-9FC9-F7A5EB7BDD7D}.Debug|Any CPU.ActiveCfg = Debug|Any CPU
		{D99A84C8-A94C-42AC-9FC9-F7A5EB7BDD7D}.Debug|Any CPU.Build.0 = Debug|Any CPU
		{D99A84C8-A94C-42AC-9FC9-F7A5EB7BDD7D}.Release|Any CPU.ActiveCfg = Release|Any CPU
		{D99A84C8-A94C-42AC-9FC9-F7A5EB7BDD7D}.Release|Any CPU.Build.0 = Release|Any CPU
	EndGlobalSection
	GlobalSection(SolutionProperties) = preSolution
		HideSolutionNode = FALSE
	EndGlobalSection
	GlobalSection(NestedProjects) = preSolution
		{D431F012-07E5-4429-BD54-D031961B963F} = {83B45D77-2783-460A-B80B-B44C6EA06172}
		{D99A84C8-A94C-42AC-9FC9-F7A5EB7BDD7D} = {83B45D77-2783-460A-B80B-B44C6EA06172}
	EndGlobalSection
EndGlobal
